PODS:
  - AFNetworking (4.0.1):
    - AFNetworking/NSURLSession (= 4.0.1)
    - AFNetworking/Reachability (= 4.0.1)
    - AFNetworking/Security (= 4.0.1)
    - AFNetworking/Serialization (= 4.0.1)
    - AFNetworking/UIKit (= 4.0.1)
  - AFNetworking/NSURLSession (4.0.1):
    - AFNetworking/Reachability
    - AFNetworking/Security
    - AFNetworking/Serialization
  - AFNetworking/Reachability (4.0.1)
  - AFNetworking/Security (4.0.1)
  - AFNetworking/Serialization (4.0.1)
  - AFNetworking/UIKit (4.0.1):
    - AFNetworking/NSURLSession
  - Bolts/Tasks (1.9.1)
  - CCActivityHUD (2.1.7)
  - DateTools (2.0.0)
  - DZNEmptyDataSet (1.8.1)
  - FBSDKCoreKit (7.1.1):
    - FBSDKCoreKit/Basics (= 7.1.1)
    - FBSDKCoreKit/Core (= 7.1.1)
  - FBSDKCoreKit/Basics (7.1.1)
  - FBSDKCoreKit/Core (7.1.1):
    - FBSDKCoreKit/Basics
  - FBSDKLoginKit (7.1.1):
    - FBSDKLoginKit/Login (= 7.1.1)
  - FBSDKLoginKit/Login (7.1.1):
    - FBSDKCoreKit (~> 7.1.1)
  - FBSDKShareKit (7.1.1):
    - FBSDKShareKit/Share (= 7.1.1)
  - FBSDKShareKit/Share (7.1.1):
    - FBSDKCoreKit (~> 7.1.1)
  - FCAlertView (1.4.0)
  - GSKStretchyHeaderView (1.0.4)
  - Masonry (1.1.0)
  - Parse (1.18.0):
    - Parse/Core (= 1.18.0)
  - Parse/Core (1.18.0):
    - Bolts/Tasks (= 1.9.1)
  - Parse/UI (1.18.0):
    - Parse/Core
  - PTCardTabBar (1.0.1)

DEPENDENCIES:
  - AFNetworking
  - CCActivityHUD
  - DateTools
  - DZNEmptyDataSet
  - FBSDKLoginKit
  - FBSDKShareKit
  - FCAlertView
  - GSKStretchyHeaderView
  - Masonry
  - Parse
  - Parse/UI
  - PTCardTabBar

SPEC REPOS:
  trunk:
    - AFNetworking
    - Bolts
    - CCActivityHUD
    - DateTools
    - DZNEmptyDataSet
    - FBSDKCoreKit
    - FBSDKLoginKit
    - FBSDKShareKit
    - FCAlertView
    - GSKStretchyHeaderView
    - Masonry
    - Parse
    - PTCardTabBar

SPEC CHECKSUMS:
  AFNetworking: 7864c38297c79aaca1500c33288e429c3451fdce
  Bolts: 8c1e8aab2f603387b8b9924f57d1d64f43d3ffdc
  CCActivityHUD: cfae116562e5279befbcf588de86490efe3f359b
  DateTools: 933ac9c490f21f92127cf690ccd8c397e0126caf
  DZNEmptyDataSet: 9525833b9e68ac21c30253e1d3d7076cc828eaa7
  FBSDKCoreKit: b46507dc8b8cefed31d644e74d7cc30e2a715ef8
  FBSDKLoginKit: 1a61d79e2b25e2fc0d03dccab1e34b38bbdf2546
  FBSDKShareKit: 00a055c1999b099596e00212dd1c0600c6697019
  FCAlertView: fdddd63381898c1d1a5a20c9f084fbd2c6d12f8b
  GSKStretchyHeaderView: 9743704c12bdc9cf7c7947bad3af8bf24f7061e3
  Masonry: 678fab65091a9290e40e2832a55e7ab731aad201
  Parse: 79bdda34fdb7eb2a707a43a951c8aae236cb3e34
  PTCardTabBar: 9112a6d4eb2b73da9cf4e7f3aefe04504479cf98

PODFILE CHECKSUM: e07fa861645991e33861be7fba91fd03379b2166

COCOAPODS: 1.9.3
